
Microsoft Visual Studio Solution File, Format Version 12.00
# Visual Studio Version 17
VisualStudioVersion = 17.12.35527.113 d17.12
MinimumVisualStudioVersion = 10.0.40219.1
Project("{FAE04EC0-301F-11D3-BF4B-00C04F79EFBC}") = "Konevskii_PR17", "Konevskii_PR17\Konevskii_PR17.csproj", "{C164FE78-B0E1-40F0-8A5A-896F85179BA0}"
EndProject
Global
	GlobalSection(SolutionConfigurationPlatforms) = preSolution
		Debug|Any CPU = Debug|Any CPU
		Release|Any CPU = Release|Any CPU
	EndGlobalSection
	GlobalSection(ProjectConfigurationPlatforms) = postSolution
		{C164FE78-B0E1-40F0-8A5A-896F85179BA0}.Debug|Any CPU.ActiveCfg = Debug|Any CPU
		{C164FE78-B0E1-40F0-8A5A-896F85179BA0}.Debug|Any CPU.Build.0 = Debug|Any CPU
		{C164FE78-B0E1-40F0-8A5A-896F85179BA0}.Release|Any CPU.ActiveCfg = Release|Any CPU
		{C164FE78-B0E1-40F0-8A5A-896F85179BA0}.Release|Any CPU.Build.0 = Release|Any CPU
	EndGlobalSection
	GlobalSection(SolutionProperties) = preSolution
		HideSolutionNode = FALSE
	EndGlobalSection
EndGlobal
